// !$*UTF8*$!
{
	archiveVersion = 1;
	classes = {
	};
	objectVersion = 46;
	objects = {

/* Begin PBXBuildFile section */
		A85EA8921EF2821700266FEC /* main.c in Sources */ = {isa = PBXBuildFile; fileRef = A85EA8911EF2821700266FEC /* main.c */; };
		A85EA89A1EF283EA00266FEC /* libSDL2-2.0.0.dylib in Frameworks */ = {isa = PBXBuildFile; fileRef = A85EA8991EF283EA00266FEC /* libSDL2-2.0.0.dylib */; };
		A85EA89F1EF2EA2200266FEC /* interface.c in Sources */ = {isa = PBXBuildFile; fileRef = A85EA89E1EF2EA2200266FEC /* interface.c */; };
		A866F9D51EF6D1F100C8E44B /* game.c in Sources */ = {isa = PBXBuildFile; fileRef = A866F9D41EF6D1F100C8E44B /* game.c */; };
/* End PBXBuildFile section */

/* Begin PBXCopyFilesBuildPhase section */
		A85EA88C1EF2821600266FEC /* CopyFiles */ = {
			isa = PBXCopyFilesBuildPhase;
			buildActionMask = 2147483647;
			dstPath = /usr/share/man/man1/;
			dstSubfolderSpec = 0;
			files = (
			);
			runOnlyForDeploymentPostprocessing = 1;
		};
/* End PBXCopyFilesBuildPhase section */

/* Begin PBXFileReference section */
		A85EA88E1EF2821700266FEC /* tic-tac-toe */ = {isa = PBXFileReference; explicitFileType = "compiled.mach-o.executable"; includeInIndex = 0; path = "tic-tac-toe"; sourceTree = BUILT_PRODUCTS_DIR; };
		A85EA8911EF2821700266FEC /* main.c */ = {isa = PBXFileReference; lastKnownFileType = sourcecode.c.c; path = main.c; sourceTree = "<group>"; };
		A85EA8991EF283EA00266FEC /* libSDL2-2.0.0.dylib */ = {isa = PBXFileReference; lastKnownFileType = "compiled.mach-o.dylib"; name = "libSDL2-2.0.0.dylib"; path = "../../../../../usr/local/Cellar/sdl2/2.0.5/lib/libSDL2-2.0.0.dylib"; sourceTree = "<group>"; };
		A85EA89C1EF2E73E00266FEC /* interface.h */ = {isa = PBXFileReference; fileEncoding = 4; lastKnownFileType = sourcecode.c.h; path = interface.h; sourceTree = "<group>"; };
		A85EA89E1EF2EA2200266FEC /* interface.c */ = {isa = PBXFileReference; fileEncoding = 4; lastKnownFileType = sourcecode.c.c; path = interface.c; sourceTree = "<group>"; };
		A866F9D41EF6D1F100C8E44B /* game.c */ = {isa = PBXFileReference; fileEncoding = 4; lastKnownFileType = sourcecode.c.c; path = game.c; sourceTree = "<group>"; };
/* End PBXFileReference section */

/* Begin PBXFrameworksBuildPhase section */
		A85EA88B1EF2821600266FEC /* Frameworks */ = {
			isa = PBXFrameworksBuildPhase;
			buildActionMask = 2147483647;
			files = (
				A85EA89A1EF283EA00266FEC /* libSDL2-2.0.0.dylib in Frameworks */,
			);
			runOnlyForDeploymentPostprocessing = 0;
		};
/* End PBXFrameworksBuildPhase section */

/* Begin PBXGroup section */
		A85EA8851EF2821600266FEC = {
			isa = PBXGroup;
			children = (
				A85EA8901EF2821700266FEC /* tic-tac-toe */,
				A85EA88F1EF2821700266FEC /* Products */,
				A85EA8981EF283EA00266FEC /* Frameworks */,
			);
			sourceTree = "<group>";
		};
		A85EA88F1EF2821700266FEC /* Products */ = {
			isa = PBXGroup;
			children = (
				A85EA88E1EF2821700266FEC /* tic-tac-toe */,
			);
			name = Products;
			sourceTree = "<group>";
		};
		A85EA8901EF2821700266FEC /* tic-tac-toe */ = {
			isa = PBXGroup;
			children = (
				A85EA8911EF2821700266FEC /* main.c */,
				A866F9D41EF6D1F100C8E44B /* game.c */,
				A85EA89C1EF2E73E00266FEC /* interface.h */,
				A85EA89E1EF2EA2200266FEC /* interface.c */,
			);
			path = "tic-tac-toe";
			sourceTree = "<group>";
		};
		A85EA8981EF283EA00266FEC /* Frameworks */ = {
			isa = PBXGroup;
			children = (
				A85EA8991EF283EA00266FEC /* libSDL2-2.0.0.dylib */,
			);
			name = Frameworks;
			sourceTree = "<group>";
		};
/* End PBXGroup section */

/* Begin PBXNativeTarget section */
		A85EA88D1EF2821600266FEC /* tic-tac-toe */ = {
			isa = PBXNativeTarget;
			buildConfigurationList = A85EA8951EF2821700266FEC /* Build configuration list for PBXNativeTarget "tic-tac-toe" */;
			buildPhases = (
				A85EA88A1EF2821600266FEC /* Sources */,
				A85EA88B1EF2821600266FEC /* Frameworks */,
				A85EA88C1EF2821600266FEC /* CopyFiles */,
			);
			buildRules = (
			);
			dependencies = (
			);
			name = "tic-tac-toe";
			productName = "tic-tac-toe";
			productReference = A85EA88E1EF2821700266FEC /* tic-tac-toe */;
			productType = "com.apple.product-type.tool";
		};
/* End PBXNativeTarget section */

/* Begin PBXProject section */
		A85EA8861EF2821600266FEC /* Project object */ = {
			isa = PBXProject;
			attributes = {
				LastUpgradeCheck = 0820;
				ORGANIZATIONNAME = "Sherin Ann Thomas";
				TargetAttributes = {
					A85EA88D1EF2821600266FEC = {
						CreatedOnToolsVersion = 8.2.1;
						ProvisioningStyle = Automatic;
					};
				};
			};
			buildConfigurationList = A85EA8891EF2821600266FEC /* Build configuration list for PBXProject "tic-tac-toe" */;
			compatibilityVersion = "Xcode 3.2";
			developmentRegion = English;
			hasScannedForEncodings = 0;
			knownRegions = (
				en,
			);
			mainGroup = A85EA8851EF2821600266FEC;
			productRefGroup = A85EA88F1EF2821700266FEC /* Products */;
			projectDirPath = "";
			projectRoot = "";
			targets = (
				A85EA88D1EF2821600266FEC /* tic-tac-toe */,
			);
		};
/* End PBXProject section */

/* Begin PBXSourcesBuildPhase section */
		A85EA88A1EF2821600266FEC /* Sources */ = {
			isa = PBXSourcesBuildPhase;
			buildActionMask = 2147483647;
			files = (
				A866F9D51EF6D1F100C8E44B /* game.c in Sources */,
				A85EA8921EF2821700266FEC /* main.c in Sources */,
				A85EA89F1EF2EA2200266FEC /* interface.c in Sources */,
			);
			runOnlyForDeploymentPostprocessing = 0;
		};
/* End PBXSourcesBuildPhase section */

/* Begin XCBuildConfiguration section */
		A85EA8931EF2821700266FEC /* Debug */ = {
			isa = XCBuildConfiguration;
			buildSettings = {
				ALWAYS_SEARCH_USER_PATHS = NO;
				CLANG_ANALYZER_NONNULL = YES;
				CLANG_CXX_LANGUAGE_STANDARD = "gnu++0x";
				CLANG_CXX_LIBRARY = "libc++";
				CLANG_ENABLE_MODULES = YES;
				CLANG_ENABLE_OBJC_ARC = YES;
				CLANG_WARN_BOOL_CONVERSION = YES;
				CLANG_WARN_CONSTANT_CONVERSION = YES;
				CLANG_WARN_DIRECT_OBJC_ISA_USAGE = YES_ERROR;
				CLANG_WARN_DOCUMENTATION_COMMENTS = YES;
				CLANG_WARN_EMPTY_BODY = YES;
				CLANG_WARN_ENUM_CONVERSION = YES;
				CLANG_WARN_INFINITE_RECURSION = YES;
				CLANG_WARN_INT_CONVERSION = YES;
				CLANG_WARN_OBJC_ROOT_CLASS = YES_ERROR;
				CLANG_WARN_SUSPICIOUS_MOVE = YES;
				CLANG_WARN_UNREACHABLE_CODE = YES;
				CLANG_WARN__DUPLICATE_METHOD_MATCH = YES;
				CODE_SIGN_IDENTITY = "-";
				COPY_PHASE_STRIP = NO;
				DEBUG_INFORMATION_FORMAT = dwarf;
				ENABLE_STRICT_OBJC_MSGSEND = YES;
				ENABLE_TESTABILITY = YES;
				GCC_C_LANGUAGE_STANDARD = gnu99;
				GCC_DYNAMIC_NO_PIC = NO;
				GCC_NO_COMMON_BLOCKS = YES;
				GCC_OPTIMIZATION_LEVEL = 0;
				GCC_PREPROCESSOR_DEFINITIONS = (
					"DEBUG=1",
					"$(inherited)",
				);
				GCC_WARN_64_TO_32_BIT_CONVERSION = YES;
				GCC_WARN_ABOUT_RETURN_TYPE = YES_ERROR;
				GCC_WARN_UNDECLARED_SELECTOR = YES;
				GCC_WARN_UNINITIALIZED_AUTOS = YES_AGGRESSIVE;
				GCC_WARN_UNUSED_FUNCTION = YES;
				GCC_WARN_UNUSED_VARIABLE = YES;
				MACOSX_DEPLOYMENT_TARGET = 10.12;
				MTL_ENABLE_DEBUG_INFO = YES;
				ONLY_ACTIVE_ARCH = YES;
				SDKROOT = macosx;
			};
			name = Debug;
		};
		A85EA8941EF2821700266FEC /* Release */ = {
			isa = XCBuildConfiguration;
			buildSettings = {
				ALWAYS_SEARCH_USER_PATHS = NO;
				CLANG_ANALYZER_NONNULL = YES;
				CLANG_CXX_LANGUAGE_STANDARD = "gnu++0x";
				CLANG_CXX_LIBRARY = "libc++";
				CLANG_ENABLE_MODULES = YES;
				CLANG_ENABLE_OBJC_ARC = YES;
				CLANG_WARN_BOOL_CONVERSION = YES;
				CLANG_WARN_CONSTANT_CONVERSION = YES;
				CLANG_WARN_DIRECT_OBJC_ISA_USAGE = YES_ERROR;
				CLANG_WARN_DOCUMENTATION_COMMENTS = YES;
				CLANG_WARN_EMPTY_BODY = YES;
				CLANG_WARN_ENUM_CONVERSION = YES;
				CLANG_WARN_INFINITE_RECURSION = YES;
				CLANG_WARN_INT_CONVERSION = YES;
				CLANG_WARN_OBJC_ROOT_CLASS = YES_ERROR;
				CLANG_WARN_SUSPICIOUS_MOVE = YES;
				CLANG_WARN_UNREACHABLE_CODE = YES;
				CLANG_WARN__DUPLICATE_METHOD_MATCH = YES;
				CODE_SIGN_IDENTITY = "-";
				COPY_PHASE_STRIP = NO;
				DEBUG_INFORMATION_FORMAT = "dwarf-with-dsym";
				ENABLE_NS_ASSERTIONS = NO;
				ENABLE_STRICT_OBJC_MSGSEND = YES;
				GCC_C_LANGUAGE_STANDARD = gnu99;
				GCC_NO_COMMON_BLOCKS = YES;
				GCC_WARN_64_TO_32_BIT_CONVERSION = YES;
				GCC_WARN_ABOUT_RETURN_TYPE = YES_ERROR;
				GCC_WARN_UNDECLARED_SELECTOR = YES;
				GCC_WARN_UNINITIALIZED_AUTOS = YES_AGGRESSIVE;
				GCC_WARN_UNUSED_FUNCTION = YES;
				GCC_WARN_UNUSED_VARIABLE = YES;
				MACOSX_DEPLOYMENT_TARGET = 10.12;
				MTL_ENABLE_DEBUG_INFO = NO;
				SDKROOT = macosx;
			};
			name = Release;
		};
		A85EA8961EF2821700266FEC /* Debug */ = {
			isa = XCBuildConfiguration;
			buildSettings = {
				HEADER_SEARCH_PATHS = /usr/local/include;
				LIBRARY_SEARCH_PATHS = (
					"$(inherited)",
					/usr/local/Cellar/sdl2/2.0.5/lib,
				);
				PRODUCT_NAME = "$(TARGET_NAME)";
			};
			name = Debug;
		};
		A85EA8971EF2821700266FEC /* Release */ = {
			isa = XCBuildConfiguration;
			buildSettings = {
				LIBRARY_SEARCH_PATHS = (
					"$(inherited)",
					/usr/local/Cellar/sdl2/2.0.5/lib,
				);
				PRODUCT_NAME = "$(TARGET_NAME)";
			};
			name = Release;
		};
/* End XCBuildConfiguration section */

/* Begin XCConfigurationList section */
		A85EA8891EF2821600266FEC /* Build configuration list for PBXProject "tic-tac-toe" */ = {
			isa = XCConfigurationList;
			buildConfigurations = (
				A85EA8931EF2821700266FEC /* Debug */,
				A85EA8941EF2821700266FEC /* Release */,
			);
			defaultConfigurationIsVisible = 0;
			defaultConfigurationName = Release;
		};
		A85EA8951EF2821700266FEC /* Build configuration list for PBXNativeTarget "tic-tac-toe" */ = {
			isa = XCConfigurationList;
			buildConfigurations = (
				A85EA8961EF2821700266FEC /* Debug */,
				A85EA8971EF2821700266FEC /* Release */,
			);
			defaultConfigurationIsVisible = 0;
			defaultConfigurationName = Release;
		};
/* End XCConfigurationList section */
	};
	rootObject = A85EA8861EF2821600266FEC /* Project object */;
}
